{
  "object": {
    "pins": [
      {
        "package": "SwiftyJSONOverTCP",
        "repositoryURL": "https://github.com/philprime/SwiftyJSONOverTCP.git",
        "state": {
          "branch": null,
          "revision": "ab206ce2d56b223ef4a1413be3521fdc4c7d01aa",
          "version": "0.0.1"
        }
      }
    ]
  },
  "version": 1
}
